
Microsoft Visual Studio Solution File, Format Version 12.00
Project("{FAE04EC0-301F-11D3-BF4B-00C04F79EFBC}") = "VerticalImageRemover", "VerticalImageRemover\VerticalImageRemover.csproj", "{41F1152B-5696-4683-AE09-1A4A85A4602B}"
EndProject
Global
	GlobalSection(SolutionConfigurationPlatforms) = preSolution
		Debug|Any CPU = Debug|Any CPU
		Release|Any CPU = Release|Any CPU
	EndGlobalSection
	GlobalSection(ProjectConfigurationPlatforms) = postSolution
		{41F1152B-5696-4683-AE09-1A4A85A4602B}.Debug|Any CPU.ActiveCfg = Debug|Any CPU
		{41F1152B-5696-4683-AE09-1A4A85A4602B}.Debug|Any CPU.Build.0 = Debug|Any CPU
		{41F1152B-5696-4683-AE09-1A4A85A4602B}.Release|Any CPU.ActiveCfg = Release|Any CPU
		{41F1152B-5696-4683-AE09-1A4A85A4602B}.Release|Any CPU.Build.0 = Release|Any CPU
	EndGlobalSection
EndGlobal
